
Microsoft Visual Studio Solution File, Format Version 12.00
Project("{FAE04EC0-301F-11D3-BF4B-00C04F79EFBC}") = "ForeachLoopExamples", "ForeachLoopExamples\ForeachLoopExamples.csproj", "{6A46BB73-7BE6-4424-91E3-2635C9A5703D}"
EndProject
Global
	GlobalSection(SolutionConfigurationPlatforms) = preSolution
		Debug|Any CPU = Debug|Any CPU
		Release|Any CPU = Release|Any CPU
	EndGlobalSection
	GlobalSection(ProjectConfigurationPlatforms) = postSolution
		{6A46BB73-7BE6-4424-91E3-2635C9A5703D}.Debug|Any CPU.ActiveCfg = Debug|Any CPU
		{6A46BB73-7BE6-4424-91E3-2635C9A5703D}.Debug|Any CPU.Build.0 = Debug|Any CPU
		{6A46BB73-7BE6-4424-91E3-2635C9A5703D}.Release|Any CPU.ActiveCfg = Release|Any CPU
		{6A46BB73-7BE6-4424-91E3-2635C9A5703D}.Release|Any CPU.Build.0 = Release|Any CPU
	EndGlobalSection
EndGlobal
